
Microsoft Visual Studio Solution File, Format Version 12.00
# Visual Studio Version 16
VisualStudioVersion = 16.0.31019.35
MinimumVisualStudioVersion = 10.0.40219.1
Project("{9092AA53-FB77-4645-B42D-1CCCA6BD08BD}") = "kursova", "kursova\kursova.njsproj", "{CDD2CDAD-2C0D-4135-90E4-5F8FB3D13746}"
EndProject
Global
	GlobalSection(SolutionConfigurationPlatforms) = preSolution
		Debug|Any CPU = Debug|Any CPU
		Release|Any CPU = Release|Any CPU
	EndGlobalSection
	GlobalSection(ProjectConfigurationPlatforms) = postSolution
		{CDD2CDAD-2C0D-4135-90E4-5F8FB3D13746}.Debug|Any CPU.ActiveCfg = Debug|Any CPU
		{CDD2CDAD-2C0D-4135-90E4-5F8FB3D13746}.Debug|Any CPU.Build.0 = Debug|Any CPU
		{CDD2CDAD-2C0D-4135-90E4-5F8FB3D13746}.Release|Any CPU.ActiveCfg = Release|Any CPU
		{CDD2CDAD-2C0D-4135-90E4-5F8FB3D13746}.Release|Any CPU.Build.0 = Release|Any CPU
	EndGlobalSection
	GlobalSection(SolutionProperties) = preSolution
		HideSolutionNode = FALSE
	EndGlobalSection
	GlobalSection(ExtensibilityGlobals) = postSolution
		SolutionGuid = {0F7125F0-BA21-490A-8F51-63E04E6735DB}
	EndGlobalSection
EndGlobal
